
Microsoft Visual Studio Solution File, Format Version 12.00
# Visual Studio 15
VisualStudioVersion = 15.0.28307.438
MinimumVisualStudioVersion = 10.0.40219.1
Project("{FAE04EC0-301F-11D3-BF4B-00C04F79EFBC}") = "BuscaCEP.Android", "BuscaCEP\BuscaCEP.Android\BuscaCEP.Android.csproj", "{29D15F7E-AA40-4C99-A6A1-8BE4BD8A8E65}"
EndProject
Project("{FAE04EC0-301F-11D3-BF4B-00C04F79EFBC}") = "BuscaCEP.iOS", "BuscaCEP\BuscaCEP.iOS\BuscaCEP.iOS.csproj", "{F4034954-2999-495D-8596-ED450DDFD41F}"
EndProject
Project("{FAE04EC0-301F-11D3-BF4B-00C04F79EFBC}") = "BuscaCEP.UWP", "BuscaCEP\BuscaCEP.UWP\BuscaCEP.UWP.csproj", "{AFEF904C-AA0F-468A-B6AA-54F4C5416749}"
EndProject
Project("{FAE04EC0-301F-11D3-BF4B-00C04F79EFBC}") = "BuscaCEP", "BuscaCEP\BuscaCEP\BuscaCEP.csproj", "{AEEA178E-695F-46C9-AB03-4286886E86F7}"
EndProject
Global
	GlobalSection(SolutionConfigurationPlatforms) = preSolution
		Ad-Hoc|Any CPU = Ad-Hoc|Any CPU
		Ad-Hoc|ARM = Ad-Hoc|ARM
		Ad-Hoc|iPhone = Ad-Hoc|iPhone
		Ad-Hoc|iPhoneSimulator = Ad-Hoc|iPhoneSimulator
		Ad-Hoc|x64 = Ad-Hoc|x64
		Ad-Hoc|x86 = Ad-Hoc|x86
		AppStore|Any CPU = AppStore|Any CPU
		AppStore|ARM = AppStore|ARM
		AppStore|iPhone = AppStore|iPhone
		AppStore|iPhoneSimulator = AppStore|iPhoneSimulator
		AppStore|x64 = AppStore|x64
		AppStore|x86 = AppStore|x86
		Debug|Any CPU = Debug|Any CPU
		Debug|ARM = Debug|ARM
		Debug|iPhone = Debug|iPhone
		Debug|iPhoneSimulator = Debug|iPhoneSimulator
		Debug|x64 = Debug|x64
		Debug|x86 = Debug|x86
		Release|Any CPU = Release|Any CPU
		Release|ARM = Release|ARM
		Release|iPhone = Release|iPhone
		Release|iPhoneSimulator = Release|iPhoneSimulator
		Release|x64 = Release|x64
		Release|x86 = Release|x86
	EndGlobalSection
	GlobalSection(ProjectConfigurationPlatforms) = postSolution
		{29D15F7E-AA40-4C99-A6A1-8BE4BD8A8E65}.Ad-Hoc|Any CPU.ActiveCfg = Release|Any CPU
		{29D15F7E-AA40-4C99-A6A1-8BE4BD8A8E65}.Ad-Hoc|Any CPU.Build.0 = Release|Any CPU
		{29D15F7E-AA40-4C99-A6A1-8BE4BD8A8E65}.Ad-Hoc|Any CPU.Deploy.0 = Release|Any CPU
		{29D15F7E-AA40-4C99-A6A1-8BE4BD8A8E65}.Ad-Hoc|ARM.ActiveCfg = Release|Any CPU
		{29D15F7E-AA40-4C99-A6A1-8BE4BD8A8E65}.Ad-Hoc|ARM.Build.0 = Release|Any CPU
		{29D15F7E-AA40-4C99-A6A1-8BE4BD8A8E65}.Ad-Hoc|ARM.Deploy.0 = Release|Any CPU
		{29D15F7E-AA40-4C99-A6A1-8BE4BD8A8E65}.Ad-Hoc|iPhone.ActiveCfg = Release|Any CPU
		{29D15F7E-AA40-4C99-A6A1-8BE4BD8A8E65}.Ad-Hoc|iPhone.Build.0 = Release|Any CPU
		{29D15F7E-AA40-4C99-A6A1-8BE4BD8A8E65}.Ad-Hoc|iPhone.Deploy.0 = Release|Any CPU
		{29D15F7E-AA40-4C99-A6A1-8BE4BD8A8E65}.Ad-Hoc|iPhoneSimulator.ActiveCfg = Release|Any CPU
		{29D15F7E-AA40-4C99-A6A1-8BE4BD8A8E65}.Ad-Hoc|iPhoneSimulator.Build.0 = Release|Any CPU
		{29D15F7E-AA40-4C99-A6A1-8BE4BD8A8E65}.Ad-Hoc|iPhoneSimulator.Deploy.0 = Release|Any CPU
		{29D15F7E-AA40-4C99-A6A1-8BE4BD8A8E65}.Ad-Hoc|x64.ActiveCfg = Release|Any CPU
		{29D15F7E-AA40-4C99-A6A1-8BE4BD8A8E65}.Ad-Hoc|x64.Build.0 = Release|Any CPU
		{29D15F7E-AA40-4C99-A6A1-8BE4BD8A8E65}.Ad-Hoc|x64.Deploy.0 = Release|Any CPU
		{29D15F7E-AA40-4C99-A6A1-8BE4BD8A8E65}.Ad-Hoc|x86.ActiveCfg = Release|Any CPU
		{29D15F7E-AA40-4C99-A6A1-8BE4BD8A8E65}.Ad-Hoc|x86.Build.0 = Release|Any CPU
		{29D15F7E-AA40-4C99-A6A1-8BE4BD8A8E65}.Ad-Hoc|x86.Deploy.0 = Release|Any CPU
		{29D15F7E-AA40-4C99-A6A1-8BE4BD8A8E65}.AppStore|Any CPU.ActiveCfg = Release|Any CPU
		{29D15F7E-AA40-4C99-A6A1-8BE4BD8A8E65}.AppStore|Any CPU.Build.0 = Release|Any CPU
		{29D15F7E-AA40-4C99-A6A1-8BE4BD8A8E65}.AppStore|Any CPU.Deploy.0 = Release|Any CPU
		{29D15F7E-AA40-4C99-A6A1-8BE4BD8A8E65}.AppStore|ARM.ActiveCfg = Release|Any CPU
		{29D15F7E-AA40-4C99-A6A1-8BE4BD8A8E65}.AppStore|ARM.Build.0 = Release|Any CPU
		{29D15F7E-AA40-4C99-A6A1-8BE4BD8A8E65}.AppStore|ARM.Deploy.0 = Release|Any CPU
		{29D15F7E-AA40-4C99-A6A1-8BE4BD8A8E65}.AppStore|iPhone.ActiveCfg = Release|Any CPU
		{29D15F7E-AA40-4C99-A6A1-8BE4BD8A8E65}.AppStore|iPhone.Build.0 = Release|Any CPU
		{29D15F7E-AA40-4C99-A6A1-8BE4BD8A8E65}.AppStore|iPhone.Deploy.0 = Release|Any CPU
		{29D15F7E-AA40-4C99-A6A1-8BE4BD8A8E65}.AppStore|iPhoneSimulator.ActiveCfg = Release|Any CPU
		{29D15F7E-AA40-4C99-A6A1-8BE4BD8A8E65}.AppStore|iPhoneSimulator.Build.0 = Release|Any CPU
		{29D15F7E-AA40-4C99-A6A1-8BE4BD8A8E65}.AppStore|iPhoneSimulator.Deploy.0 = Release|Any CPU
		{29D15F7E-AA40-4C99-A6A1-8BE4BD8A8E65}.AppStore|x64.ActiveCfg = Release|Any CPU
		{29D15F7E-AA40-4C99-A6A1-8BE4BD8A8E65}.AppStore|x64.Build.0 = Release|Any CPU
		{29D15F7E-AA40-4C99-A6A1-8BE4BD8A8E65}.AppStore|x64.Deploy.0 = Release|Any CPU
		{29D15F7E-AA40-4C99-A6A1-8BE4BD8A8E65}.AppStore|x86.ActiveCfg = Release|Any CPU
		{29D15F7E-AA40-4C99-A6A1-8BE4BD8A8E65}.AppStore|x86.Build.0 = Release|Any CPU
		{29D15F7E-AA40-4C99-A6A1-8BE4BD8A8E65}.AppStore|x86.Deploy.0 = Release|Any CPU
		{29D15F7E-AA40-4C99-A6A1-8BE4BD8A8E65}.Debug|Any CPU.ActiveCfg = Debug|Any CPU
		{29D15F7E-AA40-4C99-A6A1-8BE4BD8A8E65}.Debug|Any CPU.Build.0 = Debug|Any CPU
		{29D15F7E-AA40-4C99-A6A1-8BE4BD8A8E65}.Debug|Any CPU.Deploy.0 = Debug|Any CPU
		{29D15F7E-AA40-4C99-A6A1-8BE4BD8A8E65}.Debug|ARM.ActiveCfg = Debug|Any CPU
		{29D15F7E-AA40-4C99-A6A1-8BE4BD8A8E65}.Debug|ARM.Build.0 = Debug|Any CPU
		{29D15F7E-AA40-4C99-A6A1-8BE4BD8A8E65}.Debug|ARM.Deploy.0 = Debug|Any CPU
		{29D15F7E-AA40-4C99-A6A1-8BE4BD8A8E65}.Debug|iPhone.ActiveCfg = Debug|Any CPU
		{29D15F7E-AA40-4C99-A6A1-8BE4BD8A8E65}.Debug|iPhone.Build.0 = Debug|Any CPU
		{29D15F7E-AA40-4C99-A6A1-8BE4BD8A8E65}.Debug|iPhone.Deploy.0 = Debug|Any CPU
		{29D15F7E-AA40-4C99-A6A1-8BE4BD8A8E65}.Debug|iPhoneSimulator.ActiveCfg = Debug|Any CPU
		{29D15F7E-AA40-4C99-A6A1-8BE4BD8A8E65}.Debug|iPhoneSimulator.Build.0 = Debug|Any CPU
		{29D15F7E-AA40-4C99-A6A1-8BE4BD8A8E65}.Debug|iPhoneSimulator.Deploy.0 = Debug|Any CPU
		{29D15F7E-AA40-4C99-A6A1-8BE4BD8A8E65}.Debug|x64.ActiveCfg = Debug|Any CPU
		{29D15F7E-AA40-4C99-A6A1-8BE4BD8A8E65}.Debug|x64.Build.0 = Debug|Any CPU
		{29D15F7E-AA40-4C99-A6A1-8BE4BD8A8E65}.Debug|x64.Deploy.0 = Debug|Any CPU
		{29D15F7E-AA40-4C99-A6A1-8BE4BD8A8E65}.Debug|x86.ActiveCfg = Debug|Any CPU
		{29D15F7E-AA40-4C99-A6A1-8BE4BD8A8E65}.Debug|x86.Build.0 = Debug|Any CPU
		{29D15F7E-AA40-4C99-A6A1-8BE4BD8A8E65}.Debug|x86.Deploy.0 = Debug|Any CPU
		{29D15F7E-AA40-4C99-A6A1-8BE4BD8A8E65}.Release|Any CPU.ActiveCfg = Release|Any CPU
		{29D15F7E-AA40-4C99-A6A1-8BE4BD8A8E65}.Release|Any CPU.Build.0 = Release|Any CPU
		{29D15F7E-AA40-4C99-A6A1-8BE4BD8A8E65}.Release|Any CPU.Deploy.0 = Release|Any CPU
		{29D15F7E-AA40-4C99-A6A1-8BE4BD8A8E65}.Release|ARM.ActiveCfg = Release|Any CPU
		{29D15F7E-AA40-4C99-A6A1-8BE4BD8A8E65}.Release|ARM.Build.0 = Release|Any CPU
		{29D15F7E-AA40-4C99-A6A1-8BE4BD8A8E65}.Release|ARM.Deploy.0 = Release|Any CPU
		{29D15F7E-AA40-4C99-A6A1-8BE4BD8A8E65}.Release|iPhone.ActiveCfg = Release|Any CPU
		{29D15F7E-AA40-4C99-A6A1-8BE4BD8A8E65}.Release|iPhone.Build.0 = Release|Any CPU
		{29D15F7E-AA40-4C99-A6A1-8BE4BD8A8E65}.Release|iPhone.Deploy.0 = Release|Any CPU
		{29D15F7E-AA40-4C99-A6A1-8BE4BD8A8E65}.Release|iPhoneSimulator.ActiveCfg = Release|Any CPU
		{29D15F7E-AA40-4C99-A6A1-8BE4BD8A8E65}.Release|iPhoneSimulator.Build.0 = Release|Any CPU
		{29D15F7E-AA40-4C99-A6A1-8BE4BD8A8E65}.Release|iPhoneSimulator.Deploy.0 = Release|Any CPU
		{29D15F7E-AA40-4C99-A6A1-8BE4BD8A8E65}.Release|x64.ActiveCfg = Release|Any CPU
		{29D15F7E-AA40-4C99-A6A1-8BE4BD8A8E65}.Release|x64.Build.0 = Release|Any CPU
		{29D15F7E-AA40-4C99-A6A1-8BE4BD8A8E65}.Release|x64.Deploy.0 = Release|Any CPU
		{29D15F7E-AA40-4C99-A6A1-8BE4BD8A8E65}.Release|x86.ActiveCfg = Release|Any CPU
		{29D15F7E-AA40-4C99-A6A1-8BE4BD8A8E65}.Release|x86.Build.0 = Release|Any CPU
		{29D15F7E-AA40-4C99-A6A1-8BE4BD8A8E65}.Release|x86.Deploy.0 = Release|Any CPU
		{F4034954-2999-495D-8596-ED450DDFD41F}.Ad-Hoc|Any CPU.ActiveCfg = Ad-Hoc|iPhone
		{F4034954-2999-495D-8596-ED450DDFD41F}.Ad-Hoc|Any CPU.Build.0 = Ad-Hoc|iPhone
		{F4034954-2999-495D-8596-ED450DDFD41F}.Ad-Hoc|Any CPU.Deploy.0 = Ad-Hoc|iPhone
		{F4034954-2999-495D-8596-ED450DDFD41F}.Ad-Hoc|ARM.ActiveCfg = Ad-Hoc|iPhone
		{F4034954-2999-495D-8596-ED450DDFD41F}.Ad-Hoc|ARM.Build.0 = Ad-Hoc|iPhone
		{F4034954-2999-495D-8596-ED450DDFD41F}.Ad-Hoc|ARM.Deploy.0 = Ad-Hoc|iPhone
		{F4034954-2999-495D-8596-ED450DDFD41F}.Ad-Hoc|iPhone.ActiveCfg = Ad-Hoc|iPhone
		{F4034954-2999-495D-8596-ED450DDFD41F}.Ad-Hoc|iPhone.Build.0 = Ad-Hoc|iPhone
		{F4034954-2999-495D-8596-ED450DDFD41F}.Ad-Hoc|iPhone.Deploy.0 = Ad-Hoc|iPhone
		{F4034954-2999-495D-8596-ED450DDFD41F}.Ad-Hoc|iPhoneSimulator.ActiveCfg = Ad-Hoc|iPhoneSimulator
		{F4034954-2999-495D-8596-ED450DDFD41F}.Ad-Hoc|iPhoneSimulator.Build.0 = Ad-Hoc|iPhoneSimulator
		{F4034954-2999-495D-8596-ED450DDFD41F}.Ad-Hoc|iPhoneSimulator.Deploy.0 = Ad-Hoc|iPhoneSimulator
		{F4034954-2999-495D-8596-ED450DDFD41F}.Ad-Hoc|x64.ActiveCfg = Ad-Hoc|iPhone
		{F4034954-2999-495D-8596-ED450DDFD41F}.Ad-Hoc|x64.Build.0 = Ad-Hoc|iPhone
		{F4034954-2999-495D-8596-ED450DDFD41F}.Ad-Hoc|x64.Deploy.0 = Ad-Hoc|iPhone
		{F4034954-2999-495D-8596-ED450DDFD41F}.Ad-Hoc|x86.ActiveCfg = Ad-Hoc|iPhone
		{F4034954-2999-495D-8596-ED450DDFD41F}.Ad-Hoc|x86.Build.0 = Ad-Hoc|iPhone
		{F4034954-2999-495D-8596-ED450DDFD41F}.Ad-Hoc|x86.Deploy.0 = Ad-Hoc|iPhone
		{F4034954-2999-495D-8596-ED450DDFD41F}.AppStore|Any CPU.ActiveCfg = AppStore|iPhone
		{F4034954-2999-495D-8596-ED450DDFD41F}.AppStore|Any CPU.Build.0 = AppStore|iPhone
		{F4034954-2999-495D-8596-ED450DDFD41F}.AppStore|Any CPU.Deploy.0 = AppStore|iPhone
		{F4034954-2999-495D-8596-ED450DDFD41F}.AppStore|ARM.ActiveCfg = AppStore|iPhone
		{F4034954-2999-495D-8596-ED450DDFD41F}.AppStore|ARM.Build.0 = AppStore|iPhone
		{F4034954-2999-495D-8596-ED450DDFD41F}.AppStore|ARM.Deploy.0 = AppStore|iPhone
		{F4034954-2999-495D-8596-ED450DDFD41F}.AppStore|iPhone.ActiveCfg = AppStore|iPhone
		{F4034954-2999-495D-8596-ED450DDFD41F}.AppStore|iPhone.Build.0 = AppStore|iPhone
		{F4034954-2999-495D-8596-ED450DDFD41F}.AppStore|iPhone.Deploy.0 = AppStore|iPhone
		{F4034954-2999-495D-8596-ED450DDFD41F}.AppStore|iPhoneSimulator.ActiveCfg = AppStore|iPhoneSimulator
		{F4034954-2999-495D-8596-ED450DDFD41F}.AppStore|iPhoneSimulator.Build.0 = AppStore|iPhoneSimulator
		{F4034954-2999-495D-8596-ED450DDFD41F}.AppStore|iPhoneSimulator.Deploy.0 = AppStore|iPhoneSimulator
		{F4034954-2999-495D-8596-ED450DDFD41F}.AppStore|x64.ActiveCfg = AppStore|iPhone
		{F4034954-2999-495D-8596-ED450DDFD41F}.AppStore|x64.Build.0 = AppStore|iPhone
		{F4034954-2999-495D-8596-ED450DDFD41F}.AppStore|x64.Deploy.0 = AppStore|iPhone
		{F4034954-2999-495D-8596-ED450DDFD41F}.AppStore|x86.ActiveCfg = AppStore|iPhone
		{F4034954-2999-495D-8596-ED450DDFD41F}.AppStore|x86.Build.0 = AppStore|iPhone
		{F4034954-2999-495D-8596-ED450DDFD41F}.AppStore|x86.Deploy.0 = AppStore|iPhone
		{F4034954-2999-495D-8596-ED450DDFD41F}.Debug|Any CPU.ActiveCfg = Debug|iPhoneSimulator
		{F4034954-2999-495D-8596-ED450DDFD41F}.Debug|Any CPU.Build.0 = Debug|iPhoneSimulator
		{F4034954-2999-495D-8596-ED450DDFD41F}.Debug|Any CPU.Deploy.0 = Debug|iPhoneSimulator
		{F4034954-2999-495D-8596-ED450DDFD41F}.Debug|ARM.ActiveCfg = Debug|iPhone
		{F4034954-2999-495D-8596-ED450DDFD41F}.Debug|ARM.Build.0 = Debug|iPhone
		{F4034954-2999-495D-8596-ED450DDFD41F}.Debug|ARM.Deploy.0 = Debug|iPhone
		{F4034954-2999-495D-8596-ED450DDFD41F}.Debug|iPhone.ActiveCfg = Debug|iPhone
		{F4034954-2999-495D-8596-ED450DDFD41F}.Debug|iPhone.Build.0 = Debug|iPhone
		{F4034954-2999-495D-8596-ED450DDFD41F}.Debug|iPhone.Deploy.0 = Debug|iPhone
		{F4034954-2999-495D-8596-ED450DDFD41F}.Debug|iPhoneSimulator.ActiveCfg = Debug|iPhoneSimulator
		{F4034954-2999-495D-8596-ED450DDFD41F}.Debug|iPhoneSimulator.Build.0 = Debug|iPhoneSimulator
		{F4034954-2999-495D-8596-ED450DDFD41F}.Debug|iPhoneSimulator.Deploy.0 = Debug|iPhoneSimulator
		{F4034954-2999-495D-8596-ED450DDFD41F}.Debug|x64.ActiveCfg = Debug|iPhone
		{F4034954-2999-495D-8596-ED450DDFD41F}.Debug|x64.Build.0 = Debug|iPhone
		{F4034954-2999-495D-8596-ED450DDFD41F}.Debug|x64.Deploy.0 = Debug|iPhone
		{F4034954-2999-495D-8596-ED450DDFD41F}.Debug|x86.ActiveCfg = Debug|iPhone
		{F4034954-2999-495D-8596-ED450DDFD41F}.Debug|x86.Build.0 = Debug|iPhone
		{F4034954-2999-495D-8596-ED450DDFD41F}.Debug|x86.Deploy.0 = Debug|iPhone
		{F4034954-2999-495D-8596-ED450DDFD41F}.Release|Any CPU.ActiveCfg = Release|iPhone
		{F4034954-2999-495D-8596-ED450DDFD41F}.Release|Any CPU.Build.0 = Release|iPhone
		{F4034954-2999-495D-8596-ED450DDFD41F}.Release|Any CPU.Deploy.0 = Release|iPhone
		{F4034954-2999-495D-8596-ED450DDFD41F}.Release|ARM.ActiveCfg = Release|iPhone
		{F4034954-2999-495D-8596-ED450DDFD41F}.Release|ARM.Build.0 = Release|iPhone
		{F4034954-2999-495D-8596-ED450DDFD41F}.Release|ARM.Deploy.0 = Release|iPhone
		{F4034954-2999-495D-8596-ED450DDFD41F}.Release|iPhone.ActiveCfg = Release|iPhone
		{F4034954-2999-495D-8596-ED450DDFD41F}.Release|iPhone.Build.0 = Release|iPhone
		{F4034954-2999-495D-8596-ED450DDFD41F}.Release|iPhone.Deploy.0 = Release|iPhone
		{F4034954-2999-495D-8596-ED450DDFD41F}.Release|iPhoneSimulator.ActiveCfg = Release|iPhoneSimulator
		{F4034954-2999-495D-8596-ED450DDFD41F}.Release|iPhoneSimulator.Build.0 = Release|iPhoneSimulator
		{F4034954-2999-495D-8596-ED450DDFD41F}.Release|iPhoneSimulator.Deploy.0 = Release|iPhoneSimulator
		{F4034954-2999-495D-8596-ED450DDFD41F}.Release|x64.ActiveCfg = Release|iPhone
		{F4034954-2999-495D-8596-ED450DDFD41F}.Release|x64.Build.0 = Release|iPhone
		{F4034954-2999-495D-8596-ED450DDFD41F}.Release|x64.Deploy.0 = Release|iPhone
		{F4034954-2999-495D-8596-ED450DDFD41F}.Release|x86.ActiveCfg = Release|iPhone
		{F4034954-2999-495D-8596-ED450DDFD41F}.Release|x86.Build.0 = Release|iPhone
		{F4034954-2999-495D-8596-ED450DDFD41F}.Release|x86.Deploy.0 = Release|iPhone
		{AFEF904C-AA0F-468A-B6AA-54F4C5416749}.Ad-Hoc|Any CPU.ActiveCfg = Release|x86
		{AFEF904C-AA0F-468A-B6AA-54F4C5416749}.Ad-Hoc|Any CPU.Build.0 = Release|x86
		{AFEF904C-AA0F-468A-B6AA-54F4C5416749}.Ad-Hoc|Any CPU.Deploy.0 = Release|x86
		{AFEF904C-AA0F-468A-B6AA-54F4C5416749}.Ad-Hoc|ARM.ActiveCfg = Release|ARM
		{AFEF904C-AA0F-468A-B6AA-54F4C5416749}.Ad-Hoc|ARM.Build.0 = Release|ARM
		{AFEF904C-AA0F-468A-B6AA-54F4C5416749}.Ad-Hoc|ARM.Deploy.0 = Release|ARM
		{AFEF904C-AA0F-468A-B6AA-54F4C5416749}.Ad-Hoc|iPhone.ActiveCfg = Release|x86
		{AFEF904C-AA0F-468A-B6AA-54F4C5416749}.Ad-Hoc|iPhone.Build.0 = Release|x86
		{AFEF904C-AA0F-468A-B6AA-54F4C5416749}.Ad-Hoc|iPhone.Deploy.0 = Release|x86
		{AFEF904C-AA0F-468A-B6AA-54F4C5416749}.Ad-Hoc|iPhoneSimulator.ActiveCfg = Release|x86
		{AFEF904C-AA0F-468A-B6AA-54F4C5416749}.Ad-Hoc|iPhoneSimulator.Build.0 = Release|x86
		{AFEF904C-AA0F-468A-B6AA-54F4C5416749}.Ad-Hoc|iPhoneSimulator.Deploy.0 = Release|x86
		{AFEF904C-AA0F-468A-B6AA-54F4C5416749}.Ad-Hoc|x64.ActiveCfg = Release|x64
		{AFEF904C-AA0F-468A-B6AA-54F4C5416749}.Ad-Hoc|x64.Build.0 = Release|x64
		{AFEF904C-AA0F-468A-B6AA-54F4C5416749}.Ad-Hoc|x64.Deploy.0 = Release|x64
		{AFEF904C-AA0F-468A-B6AA-54F4C5416749}.Ad-Hoc|x86.ActiveCfg = Release|x86
		{AFEF904C-AA0F-468A-B6AA-54F4C5416749}.Ad-Hoc|x86.Build.0 = Release|x86
		{AFEF904C-AA0F-468A-B6AA-54F4C5416749}.Ad-Hoc|x86.Deploy.0 = Release|x86
		{AFEF904C-AA0F-468A-B6AA-54F4C5416749}.AppStore|Any CPU.ActiveCfg = Release|x86
		{AFEF904C-AA0F-468A-B6AA-54F4C5416749}.AppStore|Any CPU.Build.0 = Release|x86
		{AFEF904C-AA0F-468A-B6AA-54F4C5416749}.AppStore|Any CPU.Deploy.0 = Release|x86
		{AFEF904C-AA0F-468A-B6AA-54F4C5416749}.AppStore|ARM.ActiveCfg = Release|ARM
		{AFEF904C-AA0F-468A-B6AA-54F4C5416749}.AppStore|ARM.Build.0 = Release|ARM
		{AFEF904C-AA0F-468A-B6AA-54F4C5416749}.AppStore|ARM.Deploy.0 = Release|ARM
		{AFEF904C-AA0F-468A-B6AA-54F4C5416749}.AppStore|iPhone.ActiveCfg = Release|x86
		{AFEF904C-AA0F-468A-B6AA-54F4C5416749}.AppStore|iPhone.Build.0 = Release|x86
		{AFEF904C-AA0F-468A-B6AA-54F4C5416749}.AppStore|iPhone.Deploy.0 = Release|x86
		{AFEF904C-AA0F-468A-B6AA-54F4C5416749}.AppStore|iPhoneSimulator.ActiveCfg = Release|x86
		{AFEF904C-AA0F-468A-B6AA-54F4C5416749}.AppStore|iPhoneSimulator.Build.0 = Release|x86
		{AFEF904C-AA0F-468A-B6AA-54F4C5416749}.AppStore|iPhoneSimulator.Deploy.0 = Release|x86
		{AFEF904C-AA0F-468A-B6AA-54F4C5416749}.AppStore|x64.ActiveCfg = Release|x64
		{AFEF904C-AA0F-468A-B6AA-54F4C5416749}.AppStore|x64.Build.0 = Release|x64
		{AFEF904C-AA0F-468A-B6AA-54F4C5416749}.AppStore|x64.Deploy.0 = Release|x64
		{AFEF904C-AA0F-468A-B6AA-54F4C5416749}.AppStore|x86.ActiveCfg = Release|x86
		{AFEF904C-AA0F-468A-B6AA-54F4C5416749}.AppStore|x86.Build.0 = Release|x86
		{AFEF904C-AA0F-468A-B6AA-54F4C5416749}.AppStore|x86.Deploy.0 = Release|x86
		{AFEF904C-AA0F-468A-B6AA-54F4C5416749}.Debug|Any CPU.ActiveCfg = Debug|x86
		{AFEF904C-AA0F-468A-B6AA-54F4C5416749}.Debug|Any CPU.Build.0 = Debug|x86
		{AFEF904C-AA0F-468A-B6AA-54F4C5416749}.Debug|Any CPU.Deploy.0 = Debug|x86
		{AFEF904C-AA0F-468A-B6AA-54F4C5416749}.Debug|ARM.ActiveCfg = Debug|ARM
		{AFEF904C-AA0F-468A-B6AA-54F4C5416749}.Debug|ARM.Build.0 = Debug|ARM
		{AFEF904C-AA0F-468A-B6AA-54F4C5416749}.Debug|ARM.Deploy.0 = Debug|ARM
		{AFEF904C-AA0F-468A-B6AA-54F4C5416749}.Debug|iPhone.ActiveCfg = Debug|x86
		{AFEF904C-AA0F-468A-B6AA-54F4C5416749}.Debug|iPhone.Build.0 = Debug|x86
		{AFEF904C-AA0F-468A-B6AA-54F4C5416749}.Debug|iPhone.Deploy.0 = Debug|x86
		{AFEF904C-AA0F-468A-B6AA-54F4C5416749}.Debug|iPhoneSimulator.ActiveCfg = Debug|x86
		{AFEF904C-AA0F-468A-B6AA-54F4C5416749}.Debug|iPhoneSimulator.Build.0 = Debug|x86
		{AFEF904C-AA0F-468A-B6AA-54F4C5416749}.Debug|iPhoneSimulator.Deploy.0 = Debug|x86
		{AFEF904C-AA0F-468A-B6AA-54F4C5416749}.Debug|x64.ActiveCfg = Debug|x64
		{AFEF904C-AA0F-468A-B6AA-54F4C5416749}.Debug|x64.Build.0 = Debug|x64
		{AFEF904C-AA0F-468A-B6AA-54F4C5416749}.Debug|x64.Deploy.0 = Debug|x64
		{AFEF904C-AA0F-468A-B6AA-54F4C5416749}.Debug|x86.ActiveCfg = Debug|x86
		{AFEF904C-AA0F-468A-B6AA-54F4C5416749}.Debug|x86.Build.0 = Debug|x86
		{AFEF904C-AA0F-468A-B6AA-54F4C5416749}.Debug|x86.Deploy.0 = Debug|x86
		{AFEF904C-AA0F-468A-B6AA-54F4C5416749}.Release|Any CPU.ActiveCfg = Release|x86
		{AFEF904C-AA0F-468A-B6AA-54F4C5416749}.Release|Any CPU.Build.0 = Release|x86
		{AFEF904C-AA0F-468A-B6AA-54F4C5416749}.Release|Any CPU.Deploy.0 = Release|x86
		{AFEF904C-AA0F-468A-B6AA-54F4C5416749}.Release|ARM.ActiveCfg = Release|ARM
		{AFEF904C-AA0F-468A-B6AA-54F4C5416749}.Release|ARM.Build.0 = Release|ARM
		{AFEF904C-AA0F-468A-B6AA-54F4C5416749}.Release|ARM.Deploy.0 = Release|ARM
		{AFEF904C-AA0F-468A-B6AA-54F4C5416749}.Release|iPhone.ActiveCfg = Release|x86
		{AFEF904C-AA0F-468A-B6AA-54F4C5416749}.Release|iPhone.Build.0 = Release|x86
		{AFEF904C-AA0F-468A-B6AA-54F4C5416749}.Release|iPhone.Deploy.0 = Release|x86
		{AFEF904C-AA0F-468A-B6AA-54F4C5416749}.Release|iPhoneSimulator.ActiveCfg = Release|x86
		{AFEF904C-AA0F-468A-B6AA-54F4C5416749}.Release|iPhoneSimulator.Build.0 = Release|x86
		{AFEF904C-AA0F-468A-B6AA-54F4C5416749}.Release|iPhoneSimulator.Deploy.0 = Release|x86
		{AFEF904C-AA0F-468A-B6AA-54F4C5416749}.Release|x64.ActiveCfg = Release|x64
		{AFEF904C-AA0F-468A-B6AA-54F4C5416749}.Release|x64.Build.0 = Release|x64
		{AFEF904C-AA0F-468A-B6AA-54F4C5416749}.Release|x64.Deploy.0 = Release|x64
		{AFEF904C-AA0F-468A-B6AA-54F4C5416749}.Release|x86.ActiveCfg = Release|x86
		{AFEF904C-AA0F-468A-B6AA-54F4C5416749}.Release|x86.Build.0 = Release|x86
		{AFEF904C-AA0F-468A-B6AA-54F4C5416749}.Release|x86.Deploy.0 = Release|x86
		{AEEA178E-695F-46C9-AB03-4286886E86F7}.Ad-Hoc|Any CPU.ActiveCfg = Debug|Any CPU
		{AEEA178E-695F-46C9-AB03-4286886E86F7}.Ad-Hoc|Any CPU.Build.0 = Debug|Any CPU
		{AEEA178E-695F-46C9-AB03-4286886E86F7}.Ad-Hoc|Any CPU.Deploy.0 = Debug|Any CPU
		{AEEA178E-695F-46C9-AB03-4286886E86F7}.Ad-Hoc|ARM.ActiveCfg = Debug|Any CPU
		{AEEA178E-695F-46C9-AB03-4286886E86F7}.Ad-Hoc|ARM.Build.0 = Debug|Any CPU
		{AEEA178E-695F-46C9-AB03-4286886E86F7}.Ad-Hoc|ARM.Deploy.0 = Debug|Any CPU
		{AEEA178E-695F-46C9-AB03-4286886E86F7}.Ad-Hoc|iPhone.ActiveCfg = Debug|Any CPU
		{AEEA178E-695F-46C9-AB03-4286886E86F7}.Ad-Hoc|iPhone.Build.0 = Debug|Any CPU
		{AEEA178E-695F-46C9-AB03-4286886E86F7}.Ad-Hoc|iPhone.Deploy.0 = Debug|Any CPU
		{AEEA178E-695F-46C9-AB03-4286886E86F7}.Ad-Hoc|iPhoneSimulator.ActiveCfg = Debug|Any CPU
		{AEEA178E-695F-46C9-AB03-4286886E86F7}.Ad-Hoc|iPhoneSimulator.Build.0 = Debug|Any CPU
		{AEEA178E-695F-46C9-AB03-4286886E86F7}.Ad-Hoc|iPhoneSimulator.Deploy.0 = Debug|Any CPU
		{AEEA178E-695F-46C9-AB03-4286886E86F7}.Ad-Hoc|x64.ActiveCfg = Debug|Any CPU
		{AEEA178E-695F-46C9-AB03-4286886E86F7}.Ad-Hoc|x64.Build.0 = Debug|Any CPU
		{AEEA178E-695F-46C9-AB03-4286886E86F7}.Ad-Hoc|x64.Deploy.0 = Debug|Any CPU
		{AEEA178E-695F-46C9-AB03-4286886E86F7}.Ad-Hoc|x86.ActiveCfg = Debug|Any CPU
		{AEEA178E-695F-46C9-AB03-4286886E86F7}.Ad-Hoc|x86.Build.0 = Debug|Any CPU
		{AEEA178E-695F-46C9-AB03-4286886E86F7}.Ad-Hoc|x86.Deploy.0 = Debug|Any CPU
		{AEEA178E-695F-46C9-AB03-4286886E86F7}.AppStore|Any CPU.ActiveCfg = Debug|Any CPU
		{AEEA178E-695F-46C9-AB03-4286886E86F7}.AppStore|Any CPU.Build.0 = Debug|Any CPU
		{AEEA178E-695F-46C9-AB03-4286886E86F7}.AppStore|Any CPU.Deploy.0 = Debug|Any CPU
		{AEEA178E-695F-46C9-AB03-4286886E86F7}.AppStore|ARM.ActiveCfg = Debug|Any CPU
		{AEEA178E-695F-46C9-AB03-4286886E86F7}.AppStore|ARM.Build.0 = Debug|Any CPU
		{AEEA178E-695F-46C9-AB03-4286886E86F7}.AppStore|ARM.Deploy.0 = Debug|Any CPU
		{AEEA178E-695F-46C9-AB03-4286886E86F7}.AppStore|iPhone.ActiveCfg = Debug|Any CPU
		{AEEA178E-695F-46C9-AB03-4286886E86F7}.AppStore|iPhone.Build.0 = Debug|Any CPU
		{AEEA178E-695F-46C9-AB03-4286886E86F7}.AppStore|iPhone.Deploy.0 = Debug|Any CPU
		{AEEA178E-695F-46C9-AB03-4286886E86F7}.AppStore|iPhoneSimulator.ActiveCfg = Debug|Any CPU
		{AEEA178E-695F-46C9-AB03-4286886E86F7}.AppStore|iPhoneSimulator.Build.0 = Debug|Any CPU
		{AEEA178E-695F-46C9-AB03-4286886E86F7}.AppStore|iPhoneSimulator.Deploy.0 = Debug|Any CPU
		{AEEA178E-695F-46C9-AB03-4286886E86F7}.AppStore|x64.ActiveCfg = Debug|Any CPU
		{AEEA178E-695F-46C9-AB03-4286886E86F7}.AppStore|x64.Build.0 = Debug|Any CPU
		{AEEA178E-695F-46C9-AB03-4286886E86F7}.AppStore|x64.Deploy.0 = Debug|Any CPU
		{AEEA178E-695F-46C9-AB03-4286886E86F7}.AppStore|x86.ActiveCfg = Debug|Any CPU
		{AEEA178E-695F-46C9-AB03-4286886E86F7}.AppStore|x86.Build.0 = Debug|Any CPU
		{AEEA178E-695F-46C9-AB03-4286886E86F7}.AppStore|x86.Deploy.0 = Debug|Any CPU
		{AEEA178E-695F-46C9-AB03-4286886E86F7}.Debug|Any CPU.ActiveCfg = Debug|Any CPU
		{AEEA178E-695F-46C9-AB03-4286886E86F7}.Debug|Any CPU.Build.0 = Debug|Any CPU
		{AEEA178E-695F-46C9-AB03-4286886E86F7}.Debug|Any CPU.Deploy.0 = Debug|Any CPU
		{AEEA178E-695F-46C9-AB03-4286886E86F7}.Debug|ARM.ActiveCfg = Debug|Any CPU
		{AEEA178E-695F-46C9-AB03-4286886E86F7}.Debug|ARM.Build.0 = Debug|Any CPU
		{AEEA178E-695F-46C9-AB03-4286886E86F7}.Debug|ARM.Deploy.0 = Debug|Any CPU
		{AEEA178E-695F-46C9-AB03-4286886E86F7}.Debug|iPhone.ActiveCfg = Debug|Any CPU
		{AEEA178E-695F-46C9-AB03-4286886E86F7}.Debug|iPhone.Build.0 = Debug|Any CPU
		{AEEA178E-695F-46C9-AB03-4286886E86F7}.Debug|iPhone.Deploy.0 = Debug|Any CPU
		{AEEA178E-695F-46C9-AB03-4286886E86F7}.Debug|iPhoneSimulator.ActiveCfg = Debug|Any CPU
		{AEEA178E-695F-46C9-AB03-4286886E86F7}.Debug|iPhoneSimulator.Build.0 = Debug|Any CPU
		{AEEA178E-695F-46C9-AB03-4286886E86F7}.Debug|iPhoneSimulator.Deploy.0 = Debug|Any CPU
		{AEEA178E-695F-46C9-AB03-4286886E86F7}.Debug|x64.ActiveCfg = Debug|Any CPU
		{AEEA178E-695F-46C9-AB03-4286886E86F7}.Debug|x64.Build.0 = Debug|Any CPU
		{AEEA178E-695F-46C9-AB03-4286886E86F7}.Debug|x64.Deploy.0 = Debug|Any CPU
		{AEEA178E-695F-46C9-AB03-4286886E86F7}.Debug|x86.ActiveCfg = Debug|Any CPU
		{AEEA178E-695F-46C9-AB03-4286886E86F7}.Debug|x86.Build.0 = Debug|Any CPU
		{AEEA178E-695F-46C9-AB03-4286886E86F7}.Debug|x86.Deploy.0 = Debug|Any CPU
		{AEEA178E-695F-46C9-AB03-4286886E86F7}.Release|Any CPU.ActiveCfg = Release|Any CPU
		{AEEA178E-695F-46C9-AB03-4286886E86F7}.Release|Any CPU.Build.0 = Release|Any CPU
		{AEEA178E-695F-46C9-AB03-4286886E86F7}.Release|Any CPU.Deploy.0 = Release|Any CPU
		{AEEA178E-695F-46C9-AB03-4286886E86F7}.Release|ARM.ActiveCfg = Release|Any CPU
		{AEEA178E-695F-46C9-AB03-4286886E86F7}.Release|ARM.Build.0 = Release|Any CPU
		{AEEA178E-695F-46C9-AB03-4286886E86F7}.Release|ARM.Deploy.0 = Release|Any CPU
		{AEEA178E-695F-46C9-AB03-4286886E86F7}.Release|iPhone.ActiveCfg = Release|Any CPU
		{AEEA178E-695F-46C9-AB03-4286886E86F7}.Release|iPhone.Build.0 = Release|Any CPU
		{AEEA178E-695F-46C9-AB03-4286886E86F7}.Release|iPhone.Deploy.0 = Release|Any CPU
		{AEEA178E-695F-46C9-AB03-4286886E86F7}.Release|iPhoneSimulator.ActiveCfg = Release|Any CPU
		{AEEA178E-695F-46C9-AB03-4286886E86F7}.Release|iPhoneSimulator.Build.0 = Release|Any CPU
		{AEEA178E-695F-46C9-AB03-4286886E86F7}.Release|iPhoneSimulator.Deploy.0 = Release|Any CPU
		{AEEA178E-695F-46C9-AB03-4286886E86F7}.Release|x64.ActiveCfg = Release|Any CPU
		{AEEA178E-695F-46C9-AB03-4286886E86F7}.Release|x64.Build.0 = Release|Any CPU
		{AEEA178E-695F-46C9-AB03-4286886E86F7}.Release|x64.Deploy.0 = Release|Any CPU
		{AEEA178E-695F-46C9-AB03-4286886E86F7}.Release|x86.ActiveCfg = Release|Any CPU
		{AEEA178E-695F-46C9-AB03-4286886E86F7}.Release|x86.Build.0 = Release|Any CPU
		{AEEA178E-695F-46C9-AB03-4286886E86F7}.Release|x86.Deploy.0 = Release|Any CPU
	EndGlobalSection
	GlobalSection(SolutionProperties) = preSolution
		HideSolutionNode = FALSE
	EndGlobalSection
	GlobalSection(ExtensibilityGlobals) = postSolution
		SolutionGuid = {B7E08A45-6FBF-4B9B-872C-6CBC10127F9D}
	EndGlobalSection
EndGlobal
